
Microsoft Visual Studio Solution File, Format Version 12.00
# Visual Studio Version 17
VisualStudioVersion = 17.8.34330.188
MinimumVisualStudioVersion = 10.0.40219.1
Project("{FAE04EC0-301F-11D3-BF4B-00C04F79EFBC}") = "Note_Console_App", "Note_Console_App\Note_Console_App.csproj", "{FD8D0993-2881-40BF-B5C6-FA04337E8D25}"
EndProject
Global
	GlobalSection(SolutionConfigurationPlatforms) = preSolution
		Debug|Any CPU = Debug|Any CPU
		Release|Any CPU = Release|Any CPU
	EndGlobalSection
	GlobalSection(ProjectConfigurationPlatforms) = postSolution
		{FD8D0993-2881-40BF-B5C6-FA04337E8D25}.Debug|Any CPU.ActiveCfg = Debug|Any CPU
		{FD8D0993-2881-40BF-B5C6-FA04337E8D25}.Debug|Any CPU.Build.0 = Debug|Any CPU
		{FD8D0993-2881-40BF-B5C6-FA04337E8D25}.Release|Any CPU.ActiveCfg = Release|Any CPU
		{FD8D0993-2881-40BF-B5C6-FA04337E8D25}.Release|Any CPU.Build.0 = Release|Any CPU
	EndGlobalSection
	GlobalSection(SolutionProperties) = preSolution
		HideSolutionNode = FALSE
	EndGlobalSection
	GlobalSection(ExtensibilityGlobals) = postSolution
		SolutionGuid = {5C34580B-A9CF-4971-844D-D515CF6AD5AC}
	EndGlobalSection
EndGlobal
